
Microsoft Visual Studio Solution File, Format Version 12.00
# Visual Studio Version 17
VisualStudioVersion = 17.7.34202.233
MinimumVisualStudioVersion = 10.0.40219.1
Project("{9A19103F-16F7-4668-BE54-9A1E7A4F7556}") = "Basket.API", "Services\Basket.API\Basket.API.csproj", "{B12F5836-3D2D-4D1A-9CD6-E77D0A78183D}"
EndProject
Project("{9A19103F-16F7-4668-BE54-9A1E7A4F7556}") = "Catelog.API", "Services\Catelog.API\Catelog.API.csproj", "{CEDAFEFA-4BEF-4655-BAEB-46D593169EDD}"
EndProject
Project("{9A19103F-16F7-4668-BE54-9A1E7A4F7556}") = "Discount.API", "Services\Discount.API\Discount.API.csproj", "{0789291C-1865-4441-885C-A8F7E23BDBAE}"
EndProject
Project("{9A19103F-16F7-4668-BE54-9A1E7A4F7556}") = "Discount.Grpc", "Services\Discount.Grpc\Discount.Grpc.csproj", "{2C329986-42E0-43B7-B10D-7D605D991360}"
EndProject
Project("{2150E333-8FDC-42A3-9474-1A3956D46DE8}") = "Services", "Services", "{67628672-B19B-4AAE-9896-267ECC224C81}"
EndProject
Project("{2150E333-8FDC-42A3-9474-1A3956D46DE8}") = "Ordering", "Ordering", "{F7A45A9F-8084-4F04-8AF4-316EB32770CE}"
EndProject
Project("{FAE04EC0-301F-11D3-BF4B-00C04F79EFBC}") = "Ordering.API", "Services\Ordering\Ordering.API\Ordering.API.csproj", "{BFD91EF5-481F-4B26-A1CE-8F4ECB0A1265}"
EndProject
Global
	GlobalSection(SolutionConfigurationPlatforms) = preSolution
		Debug|Any CPU = Debug|Any CPU
		Release|Any CPU = Release|Any CPU
	EndGlobalSection
	GlobalSection(ProjectConfigurationPlatforms) = postSolution
		{B12F5836-3D2D-4D1A-9CD6-E77D0A78183D}.Debug|Any CPU.ActiveCfg = Debug|Any CPU
		{B12F5836-3D2D-4D1A-9CD6-E77D0A78183D}.Debug|Any CPU.Build.0 = Debug|Any CPU
		{B12F5836-3D2D-4D1A-9CD6-E77D0A78183D}.Release|Any CPU.ActiveCfg = Release|Any CPU
		{B12F5836-3D2D-4D1A-9CD6-E77D0A78183D}.Release|Any CPU.Build.0 = Release|Any CPU
		{CEDAFEFA-4BEF-4655-BAEB-46D593169EDD}.Debug|Any CPU.ActiveCfg = Debug|Any CPU
		{CEDAFEFA-4BEF-4655-BAEB-46D593169EDD}.Debug|Any CPU.Build.0 = Debug|Any CPU
		{CEDAFEFA-4BEF-4655-BAEB-46D593169EDD}.Release|Any CPU.ActiveCfg = Release|Any CPU
		{CEDAFEFA-4BEF-4655-BAEB-46D593169EDD}.Release|Any CPU.Build.0 = Release|Any CPU
		{0789291C-1865-4441-885C-A8F7E23BDBAE}.Debug|Any CPU.ActiveCfg = Debug|Any CPU
		{0789291C-1865-4441-885C-A8F7E23BDBAE}.Debug|Any CPU.Build.0 = Debug|Any CPU
		{0789291C-1865-4441-885C-A8F7E23BDBAE}.Release|Any CPU.ActiveCfg = Release|Any CPU
		{0789291C-1865-4441-885C-A8F7E23BDBAE}.Release|Any CPU.Build.0 = Release|Any CPU
		{2C329986-42E0-43B7-B10D-7D605D991360}.Debug|Any CPU.ActiveCfg = Debug|Any CPU
		{2C329986-42E0-43B7-B10D-7D605D991360}.Debug|Any CPU.Build.0 = Debug|Any CPU
		{2C329986-42E0-43B7-B10D-7D605D991360}.Release|Any CPU.ActiveCfg = Release|Any CPU
		{2C329986-42E0-43B7-B10D-7D605D991360}.Release|Any CPU.Build.0 = Release|Any CPU
		{BFD91EF5-481F-4B26-A1CE-8F4ECB0A1265}.Debug|Any CPU.ActiveCfg = Debug|Any CPU
		{BFD91EF5-481F-4B26-A1CE-8F4ECB0A1265}.Debug|Any CPU.Build.0 = Debug|Any CPU
		{BFD91EF5-481F-4B26-A1CE-8F4ECB0A1265}.Release|Any CPU.ActiveCfg = Release|Any CPU
		{BFD91EF5-481F-4B26-A1CE-8F4ECB0A1265}.Release|Any CPU.Build.0 = Release|Any CPU
	EndGlobalSection
	GlobalSection(SolutionProperties) = preSolution
		HideSolutionNode = FALSE
	EndGlobalSection
	GlobalSection(NestedProjects) = preSolution
		{B12F5836-3D2D-4D1A-9CD6-E77D0A78183D} = {67628672-B19B-4AAE-9896-267ECC224C81}
		{CEDAFEFA-4BEF-4655-BAEB-46D593169EDD} = {67628672-B19B-4AAE-9896-267ECC224C81}
		{0789291C-1865-4441-885C-A8F7E23BDBAE} = {67628672-B19B-4AAE-9896-267ECC224C81}
		{2C329986-42E0-43B7-B10D-7D605D991360} = {67628672-B19B-4AAE-9896-267ECC224C81}
		{F7A45A9F-8084-4F04-8AF4-316EB32770CE} = {67628672-B19B-4AAE-9896-267ECC224C81}
		{BFD91EF5-481F-4B26-A1CE-8F4ECB0A1265} = {F7A45A9F-8084-4F04-8AF4-316EB32770CE}
	EndGlobalSection
	GlobalSection(ExtensibilityGlobals) = postSolution
		SolutionGuid = {FA39F847-BE3E-4E2C-930C-EE5ED979D92B}
	EndGlobalSection
EndGlobal
